# THIS IS AN AUTOGENERATED FILE. DO NOT EDIT THIS FILE DIRECTLY.
# yarn lockfile v1


typescript-language-server@^3.3.2:
  version "3.3.2"
  resolved "https://registry.yarnpkg.com/typescript-language-server/-/typescript-language-server-3.3.2.tgz#4547a6098b5708c1e3bd2c5c17ad698e3d6a97a4"
  integrity sha512-jzun53CIkTbpAki0nP+hk5baGW+86SNNlVhyIj2ZUy45zUkCnmoetWuAtfRRQYrlIr8x4QB3ymGJPuwDQSd/ew==

typescript@^5.0.4:
  version "5.0.4"
  resolved "https://registry.yarnpkg.com/typescript/-/typescript-5.0.4.tgz#b217fd20119bd61a94d4011274e0ab369058da3b"
  integrity sha512-cW9T5W9xY37cc+jfEnaUvX91foxtHkza3Nw3wkoF4sSlKn0MONdkdEndig/qPBWXNkmplh3NzayQzCiHM4/hqw==
